github.com/graniticio/granitic-yaml/v2 v2.1.0 h1:w/wEQLhHq+DD4A5JpflGEGVecnWW3YrmjZ57D1v9r6U=
github.com/graniticio/granitic-yaml/v2 v2.1.0/go.mod h1:Fj0Lair05Y2x8hD+1lHb0v+JFWb1s0vAxYNr4bk2Fkw=
github.com/graniticio/granitic/v2 v2.1.0 h1:bTrVlf4DTwTJAf3WUX1kiZgp+CzeobSSw7KDy/f1iac=
github.com/graniticio/granitic/v2 v2.1.0/go.mod h1:eX2bLqj4d6rYNVb0pC0Gk1f6vAC8QFbcI3INetQMBnk=
gopkg.in/check.v1 v0.0.0-20161208181325-20d25e280405/go.mod h1:Co6ibVJAznAaIkqp8huTwlJQCZ016jof/cbN4VW5Yz0=
gopkg.in/yaml.v2 v2.2.2 h1:ZCJp+EgiOT7lHqUV2J862kp8Qj64Jo6az82+3Td9dZw=
gopkg.in/yaml.v2 v2.2.2/go.mod h1:hI93XBmqTisBFMUTm0b8Fm+jr3Dg1NNxqwp+5A1VGuI=
